
Microsoft Visual Studio Solution File, Format Version 12.00
# Visual Studio Version 17
VisualStudioVersion = 17.2.32616.157
MinimumVisualStudioVersion = 10.0.40219.1
Project("{FAE04EC0-301F-11D3-BF4B-00C04F79EFBC}") = "PacktContactsCore", "PacktContactsCore.csproj", "{286F63D0-1D99-4FF9-A285-65628FD82462}"
EndProject
Global
	GlobalSection(SolutionConfigurationPlatforms) = preSolution
		Debug|Any CPU = Debug|Any CPU
		Release|Any CPU = Release|Any CPU
	EndGlobalSection
	GlobalSection(ProjectConfigurationPlatforms) = postSolution
		{286F63D0-1D99-4FF9-A285-65628FD82462}.Debug|Any CPU.ActiveCfg = Debug|Any CPU
		{286F63D0-1D99-4FF9-A285-65628FD82462}.Debug|Any CPU.Build.0 = Debug|Any CPU
		{286F63D0-1D99-4FF9-A285-65628FD82462}.Release|Any CPU.ActiveCfg = Release|Any CPU
		{286F63D0-1D99-4FF9-A285-65628FD82462}.Release|Any CPU.Build.0 = Release|Any CPU
	EndGlobalSection
	GlobalSection(SolutionProperties) = preSolution
		HideSolutionNode = FALSE
	EndGlobalSection
	GlobalSection(ExtensibilityGlobals) = postSolution
		SolutionGuid = {DA13A94C-C0BC-4B30-A4BD-467BAFB2B80F}
	EndGlobalSection
EndGlobal
